// !$*UTF8*$!
{
	archiveVersion = 1;
	classes = {
	};
	objectVersion = 50;
	objects = {

/* Begin PBXBuildFile section */
		E30E80FA23EB25B8004FAB21 /* CircularView.swift in Sources */ = {isa = PBXBuildFile; fileRef = E30E80F923EB25B7004FAB21 /* CircularView.swift */; };
		E330A48923EE583C00241923 /* GoalDetailView.swift in Sources */ = {isa = PBXBuildFile; fileRef = E330A48823EE583C00241923 /* GoalDetailView.swift */; };
		E33ACA0223E9CE4300C94A6A /* Hex+UIColor.swift in Sources */ = {isa = PBXBuildFile; fileRef = E33ACA0123E9CE4300C94A6A /* Hex+UIColor.swift */; };
		E33ACA0423E9CE8D00C94A6A /* Constants.swift in Sources */ = {isa = PBXBuildFile; fileRef = E33ACA0323E9CE8D00C94A6A /* Constants.swift */; };
		E34EF84C23EE0C200090F9DD /* SavingsGoal.swift in Sources */ = {isa = PBXBuildFile; fileRef = E34EF84B23EE0C200090F9DD /* SavingsGoal.swift */; };
		E34EF84E23EE0C310090F9DD /* DebtGoal.swift in Sources */ = {isa = PBXBuildFile; fileRef = E34EF84D23EE0C310090F9DD /* DebtGoal.swift */; };
		E34EF85023EE0C4C0090F9DD /* ExampleData.swift in Sources */ = {isa = PBXBuildFile; fileRef = E34EF84F23EE0C4C0090F9DD /* ExampleData.swift */; };
		E3BA67CD23ECC20B003D17EB /* Goal.swift in Sources */ = {isa = PBXBuildFile; fileRef = E3BA67CC23ECC20B003D17EB /* Goal.swift */; };
		E3D77DD923EF321B004181B9 /* AnimatedGradientView.swift in Sources */ = {isa = PBXBuildFile; fileRef = E3D77DD823EF321B004181B9 /* AnimatedGradientView.swift */; };
		E3EE827523E7A71D00B057C0 /* AppDelegate.swift in Sources */ = {isa = PBXBuildFile; fileRef = E3EE827423E7A71D00B057C0 /* AppDelegate.swift */; };
		E3EE827723E7A71D00B057C0 /* SceneDelegate.swift in Sources */ = {isa = PBXBuildFile; fileRef = E3EE827623E7A71D00B057C0 /* SceneDelegate.swift */; };
		E3EE827A23E7A71D00B057C0 /* InDebtly.xcdatamodeld in Sources */ = {isa = PBXBuildFile; fileRef = E3EE827823E7A71D00B057C0 /* InDebtly.xcdatamodeld */; };
		E3EE827C23E7A71D00B057C0 /* ContentView.swift in Sources */ = {isa = PBXBuildFile; fileRef = E3EE827B23E7A71D00B057C0 /* ContentView.swift */; };
		E3EE827E23E7A71F00B057C0 /* Assets.xcassets in Resources */ = {isa = PBXBuildFile; fileRef = E3EE827D23E7A71F00B057C0 /* Assets.xcassets */; };
		E3EE828123E7A71F00B057C0 /* Preview Assets.xcassets in Resources */ = {isa = PBXBuildFile; fileRef = E3EE828023E7A71F00B057C0 /* Preview Assets.xcassets */; };
		E3EE828423E7A71F00B057C0 /* LaunchScreen.storyboard in Resources */ = {isa = PBXBuildFile; fileRef = E3EE828223E7A71F00B057C0 /* LaunchScreen.storyboard */; };
		E3EE828C23E7A72C00B057C0 /* MainInterfaceView.swift in Sources */ = {isa = PBXBuildFile; fileRef = E3EE828B23E7A72C00B057C0 /* MainInterfaceView.swift */; };
		E3EE828E23E7A80C00B057C0 /* ScaledFont.swift in Sources */ = {isa = PBXBuildFile; fileRef = E3EE828D23E7A80C00B057C0 /* ScaledFont.swift */; };
		E3EE829223E7A8A500B057C0 /* ActivityIndicatorView.swift in Sources */ = {isa = PBXBuildFile; fileRef = E3EE829123E7A8A500B057C0 /* ActivityIndicatorView.swift */; };
		E3FD235E23EA6C9B003861AE /* TabbedView.swift in Sources */ = {isa = PBXBuildFile; fileRef = E3FD235D23EA6C9B003861AE /* TabbedView.swift */; };
		E3FD236023EA6D0D003861AE /* OverviewView.swift in Sources */ = {isa = PBXBuildFile; fileRef = E3FD235F23EA6D0D003861AE /* OverviewView.swift */; };
		E3FD236223EA6D15003861AE /* SavingsView.swift in Sources */ = {isa = PBXBuildFile; fileRef = E3FD236123EA6D15003861AE /* SavingsView.swift */; };
		E3FD236423EA6D1D003861AE /* DebtView.swift in Sources */ = {isa = PBXBuildFile; fileRef = E3FD236323EA6D1D003861AE /* DebtView.swift */; };
		E3FD236623EA6D24003861AE /* SettingsView.swift in Sources */ = {isa = PBXBuildFile; fileRef = E3FD236523EA6D24003861AE /* SettingsView.swift */; };
/* End PBXBuildFile section */

/* Begin PBXFileReference section */
		E30E80F923EB25B7004FAB21 /* CircularView.swift */ = {isa = PBXFileReference; lastKnownFileType = sourcecode.swift; path = CircularView.swift; sourceTree = "<group>"; };
		E330A48823EE583C00241923 /* GoalDetailView.swift */ = {isa = PBXFileReference; lastKnownFileType = sourcecode.swift; path = GoalDetailView.swift; sourceTree = "<group>"; };
		E33ACA0123E9CE4300C94A6A /* Hex+UIColor.swift */ = {isa = PBXFileReference; lastKnownFileType = sourcecode.swift; path = "Hex+UIColor.swift"; sourceTree = "<group>"; };
		E33ACA0323E9CE8D00C94A6A /* Constants.swift */ = {isa = PBXFileReference; lastKnownFileType = sourcecode.swift; path = Constants.swift; sourceTree = "<group>"; };
		E34EF84B23EE0C200090F9DD /* SavingsGoal.swift */ = {isa = PBXFileReference; lastKnownFileType = sourcecode.swift; path = SavingsGoal.swift; sourceTree = "<group>"; };
		E34EF84D23EE0C310090F9DD /* DebtGoal.swift */ = {isa = PBXFileReference; lastKnownFileType = sourcecode.swift; path = DebtGoal.swift; sourceTree = "<group>"; };
		E34EF84F23EE0C4C0090F9DD /* ExampleData.swift */ = {isa = PBXFileReference; lastKnownFileType = sourcecode.swift; path = ExampleData.swift; sourceTree = "<group>"; };
		E3BA67CC23ECC20B003D17EB /* Goal.swift */ = {isa = PBXFileReference; lastKnownFileType = sourcecode.swift; path = Goal.swift; sourceTree = "<group>"; };
		E3D77DD823EF321B004181B9 /* AnimatedGradientView.swift */ = {isa = PBXFileReference; lastKnownFileType = sourcecode.swift; path = AnimatedGradientView.swift; sourceTree = "<group>"; };
		E3EE827123E7A71D00B057C0 /* InDebtly.app */ = {isa = PBXFileReference; explicitFileType = wrapper.application; includeInIndex = 0; path = InDebtly.app; sourceTree = BUILT_PRODUCTS_DIR; };
		E3EE827423E7A71D00B057C0 /* AppDelegate.swift */ = {isa = PBXFileReference; lastKnownFileType = sourcecode.swift; path = AppDelegate.swift; sourceTree = "<group>"; };
		E3EE827623E7A71D00B057C0 /* SceneDelegate.swift */ = {isa = PBXFileReference; lastKnownFileType = sourcecode.swift; path = SceneDelegate.swift; sourceTree = "<group>"; };
		E3EE827923E7A71D00B057C0 /* InDebtly.xcdatamodel */ = {isa = PBXFileReference; lastKnownFileType = wrapper.xcdatamodel; path = InDebtly.xcdatamodel; sourceTree = "<group>"; };
		E3EE827B23E7A71D00B057C0 /* ContentView.swift */ = {isa = PBXFileReference; lastKnownFileType = sourcecode.swift; path = ContentView.swift; sourceTree = "<group>"; };
		E3EE827D23E7A71F00B057C0 /* Assets.xcassets */ = {isa = PBXFileReference; lastKnownFileType = folder.assetcatalog; path = Assets.xcassets; sourceTree = "<group>"; };
		E3EE828023E7A71F00B057C0 /* Preview Assets.xcassets */ = {isa = PBXFileReference; lastKnownFileType = folder.assetcatalog; path = "Preview Assets.xcassets"; sourceTree = "<group>"; };
		E3EE828323E7A71F00B057C0 /* Base */ = {isa = PBXFileReference; lastKnownFileType = file.storyboard; name = Base; path = Base.lproj/LaunchScreen.storyboard; sourceTree = "<group>"; };
		E3EE828523E7A71F00B057C0 /* Info.plist */ = {isa = PBXFileReference; lastKnownFileType = text.plist.xml; path = Info.plist; sourceTree = "<group>"; };
		E3EE828B23E7A72C00B057C0 /* MainInterfaceView.swift */ = {isa = PBXFileReference; lastKnownFileType = sourcecode.swift; path = MainInterfaceView.swift; sourceTree = "<group>"; };
		E3EE828D23E7A80C00B057C0 /* ScaledFont.swift */ = {isa = PBXFileReference; lastKnownFileType = sourcecode.swift; path = ScaledFont.swift; sourceTree = "<group>"; };
		E3EE829123E7A8A500B057C0 /* ActivityIndicatorView.swift */ = {isa = PBXFileReference; lastKnownFileType = sourcecode.swift; path = ActivityIndicatorView.swift; sourceTree = "<group>"; };
		E3FD235D23EA6C9B003861AE /* TabbedView.swift */ = {isa = PBXFileReference; lastKnownFileType = sourcecode.swift; path = TabbedView.swift; sourceTree = "<group>"; };
		E3FD235F23EA6D0D003861AE /* OverviewView.swift */ = {isa = PBXFileReference; lastKnownFileType = sourcecode.swift; path = OverviewView.swift; sourceTree = "<group>"; };
		E3FD236123EA6D15003861AE /* SavingsView.swift */ = {isa = PBXFileReference; lastKnownFileType = sourcecode.swift; path = SavingsView.swift; sourceTree = "<group>"; };
		E3FD236323EA6D1D003861AE /* DebtView.swift */ = {isa = PBXFileReference; lastKnownFileType = sourcecode.swift; path = DebtView.swift; sourceTree = "<group>"; };
		E3FD236523EA6D24003861AE /* SettingsView.swift */ = {isa = PBXFileReference; lastKnownFileType = sourcecode.swift; path = SettingsView.swift; sourceTree = "<group>"; };
/* End PBXFileReference section */

/* Begin PBXFrameworksBuildPhase section */
		E3EE826E23E7A71D00B057C0 /* Frameworks */ = {
			isa = PBXFrameworksBuildPhase;
			buildActionMask = 2147483647;
			files = (
			);
			runOnlyForDeploymentPostprocessing = 0;
		};
/* End PBXFrameworksBuildPhase section */

/* Begin PBXGroup section */
		E30E80FB23EB25BD004FAB21 /* MiniReusableViews */ = {
			isa = PBXGroup;
			children = (
				E30E80F923EB25B7004FAB21 /* CircularView.swift */,
			);
			path = MiniReusableViews;
			sourceTree = "<group>";
		};
		E34EF85123EE0C620090F9DD /* Model */ = {
			isa = PBXGroup;
			children = (
				E3BA67CC23ECC20B003D17EB /* Goal.swift */,
				E34EF84F23EE0C4C0090F9DD /* ExampleData.swift */,
				E34EF84D23EE0C310090F9DD /* DebtGoal.swift */,
				E34EF84B23EE0C200090F9DD /* SavingsGoal.swift */,
			);
			path = Model;
			sourceTree = "<group>";
		};
		E34EF85223EE0D0B0090F9DD /* TavViewAndPages */ = {
			isa = PBXGroup;
			children = (
				E3FD235D23EA6C9B003861AE /* TabbedView.swift */,
				E3FD235F23EA6D0D003861AE /* OverviewView.swift */,
				E3FD236123EA6D15003861AE /* SavingsView.swift */,
				E3FD236323EA6D1D003861AE /* DebtView.swift */,
				E3FD236523EA6D24003861AE /* SettingsView.swift */,
			);
			path = TavViewAndPages;
			sourceTree = "<group>";
		};
		E3EE826823E7A71D00B057C0 = {
			isa = PBXGroup;
			children = (
				E3EE827323E7A71D00B057C0 /* InDebtly */,
				E3EE827223E7A71D00B057C0 /* Products */,
			);
			sourceTree = "<group>";
		};
		E3EE827223E7A71D00B057C0 /* Products */ = {
			isa = PBXGroup;
			children = (
				E3EE827123E7A71D00B057C0 /* InDebtly.app */,
			);
			name = Products;
			sourceTree = "<group>";
		};
		E3EE827323E7A71D00B057C0 /* InDebtly */ = {
			isa = PBXGroup;
			children = (
				E3EE827423E7A71D00B057C0 /* AppDelegate.swift */,
				E3EE827623E7A71D00B057C0 /* SceneDelegate.swift */,
				E3EE827B23E7A71D00B057C0 /* ContentView.swift */,
				E3D77DD823EF321B004181B9 /* AnimatedGradientView.swift */,
				E34EF85123EE0C620090F9DD /* Model */,
				E3EE829023E7A81F00B057C0 /* Views */,
				E3EE828F23E7A81600B057C0 /* Extensions */,
				E3EE827D23E7A71F00B057C0 /* Assets.xcassets */,
				E3EE828223E7A71F00B057C0 /* LaunchScreen.storyboard */,
				E3EE828523E7A71F00B057C0 /* Info.plist */,
				E3EE827823E7A71D00B057C0 /* InDebtly.xcdatamodeld */,
				E3EE827F23E7A71F00B057C0 /* Preview Content */,
			);
			path = InDebtly;
			sourceTree = "<group>";
		};
		E3EE827F23E7A71F00B057C0 /* Preview Content */ = {
			isa = PBXGroup;
			children = (
				E3EE828023E7A71F00B057C0 /* Preview Assets.xcassets */,
			);
			path = "Preview Content";
			sourceTree = "<group>";
		};
		E3EE828F23E7A81600B057C0 /* Extensions */ = {
			isa = PBXGroup;
			children = (
				E3EE828D23E7A80C00B057C0 /* ScaledFont.swift */,
				E33ACA0123E9CE4300C94A6A /* Hex+UIColor.swift */,
				E33ACA0323E9CE8D00C94A6A /* Constants.swift */,
			);
			path = Extensions;
			sourceTree = "<group>";
		};
		E3EE829023E7A81F00B057C0 /* Views */ = {
			isa = PBXGroup;
			children = (
				E3EE828B23E7A72C00B057C0 /* MainInterfaceView.swift */,
				E3EE829123E7A8A500B057C0 /* ActivityIndicatorView.swift */,
				E330A48823EE583C00241923 /* GoalDetailView.swift */,
				E34EF85223EE0D0B0090F9DD /* TavViewAndPages */,
				E30E80FB23EB25BD004FAB21 /* MiniReusableViews */,
			);
			path = Views;
			sourceTree = "<group>";
		};
/* End PBXGroup section */

/* Begin PBXNativeTarget section */
		E3EE827023E7A71D00B057C0 /* InDebtly */ = {
			isa = PBXNativeTarget;
			buildConfigurationList = E3EE828823E7A71F00B057C0 /* Build configuration list for PBXNativeTarget "InDebtly" */;
			buildPhases = (
				E3EE826D23E7A71D00B057C0 /* Sources */,
				E3EE826E23E7A71D00B057C0 /* Frameworks */,
				E3EE826F23E7A71D00B057C0 /* Resources */,
			);
			buildRules = (
			);
			dependencies = (
			);
			name = InDebtly;
			productName = InDebtly;
			productReference = E3EE827123E7A71D00B057C0 /* InDebtly.app */;
			productType = "com.apple.product-type.application";
		};
/* End PBXNativeTarget section */

/* Begin PBXProject section */
		E3EE826923E7A71D00B057C0 /* Project object */ = {
			isa = PBXProject;
			attributes = {
				LastSwiftUpdateCheck = 1130;
				LastUpgradeCheck = 1130;
				ORGANIZATIONNAME = "Rogue Spork, LLC";
				TargetAttributes = {
					E3EE827023E7A71D00B057C0 = {
						CreatedOnToolsVersion = 11.3.1;
					};
				};
			};
			buildConfigurationList = E3EE826C23E7A71D00B057C0 /* Build configuration list for PBXProject "InDebtly" */;
			compatibilityVersion = "Xcode 9.3";
			developmentRegion = en;
			hasScannedForEncodings = 0;
			knownRegions = (
				en,
				Base,
			);
			mainGroup = E3EE826823E7A71D00B057C0;
			productRefGroup = E3EE827223E7A71D00B057C0 /* Products */;
			projectDirPath = "";
			projectRoot = "";
			targets = (
				E3EE827023E7A71D00B057C0 /* InDebtly */,
			);
		};
/* End PBXProject section */

/* Begin PBXResourcesBuildPhase section */
		E3EE826F23E7A71D00B057C0 /* Resources */ = {
			isa = PBXResourcesBuildPhase;
			buildActionMask = 2147483647;
			files = (
				E3EE828423E7A71F00B057C0 /* LaunchScreen.storyboard in Resources */,
				E3EE828123E7A71F00B057C0 /* Preview Assets.xcassets in Resources */,
				E3EE827E23E7A71F00B057C0 /* Assets.xcassets in Resources */,
			);
			runOnlyForDeploymentPostprocessing = 0;
		};
/* End PBXResourcesBuildPhase section */

/* Begin PBXSourcesBuildPhase section */
		E3EE826D23E7A71D00B057C0 /* Sources */ = {
			isa = PBXSourcesBuildPhase;
			buildActionMask = 2147483647;
			files = (
				E30E80FA23EB25B8004FAB21 /* CircularView.swift in Sources */,
				E3EE828E23E7A80C00B057C0 /* ScaledFont.swift in Sources */,
				E3FD236423EA6D1D003861AE /* DebtView.swift in Sources */,
				E33ACA0223E9CE4300C94A6A /* Hex+UIColor.swift in Sources */,
				E3EE827A23E7A71D00B057C0 /* InDebtly.xcdatamodeld in Sources */,
				E34EF84E23EE0C310090F9DD /* DebtGoal.swift in Sources */,
				E3EE828C23E7A72C00B057C0 /* MainInterfaceView.swift in Sources */,
				E3D77DD923EF321B004181B9 /* AnimatedGradientView.swift in Sources */,
				E34EF85023EE0C4C0090F9DD /* ExampleData.swift in Sources */,
				E3EE827523E7A71D00B057C0 /* AppDelegate.swift in Sources */,
				E34EF84C23EE0C200090F9DD /* SavingsGoal.swift in Sources */,
				E3EE827C23E7A71D00B057C0 /* ContentView.swift in Sources */,
				E3BA67CD23ECC20B003D17EB /* Goal.swift in Sources */,
				E3FD236623EA6D24003861AE /* SettingsView.swift in Sources */,
				E3FD235E23EA6C9B003861AE /* TabbedView.swift in Sources */,
				E3EE827723E7A71D00B057C0 /* SceneDelegate.swift in Sources */,
				E3EE829223E7A8A500B057C0 /* ActivityIndicatorView.swift in Sources */,
				E330A48923EE583C00241923 /* GoalDetailView.swift in Sources */,
				E33ACA0423E9CE8D00C94A6A /* Constants.swift in Sources */,
				E3FD236223EA6D15003861AE /* SavingsView.swift in Sources */,
				E3FD236023EA6D0D003861AE /* OverviewView.swift in Sources */,
			);
			runOnlyForDeploymentPostprocessing = 0;
		};
/* End PBXSourcesBuildPhase section */

/* Begin PBXVariantGroup section */
		E3EE828223E7A71F00B057C0 /* LaunchScreen.storyboard */ = {
			isa = PBXVariantGroup;
			children = (
				E3EE828323E7A71F00B057C0 /* Base */,
			);
			name = LaunchScreen.storyboard;
			sourceTree = "<group>";
		};
/* End PBXVariantGroup section */

/* Begin XCBuildConfiguration section */
		E3EE828623E7A71F00B057C0 /* Debug */ = {
			isa = XCBuildConfiguration;
			buildSettings = {
				ALWAYS_SEARCH_USER_PATHS = NO;
				CLANG_ANALYZER_NONNULL = YES;
				CLANG_ANALYZER_NUMBER_OBJECT_CONVERSION = YES_AGGRESSIVE;
				CLANG_CXX_LANGUAGE_STANDARD = "gnu++14";
				CLANG_CXX_LIBRARY = "libc++";
				CLANG_ENABLE_MODULES = YES;
				CLANG_ENABLE_OBJC_ARC = YES;
				CLANG_ENABLE_OBJC_WEAK = YES;
				CLANG_WARN_BLOCK_CAPTURE_AUTORELEASING = YES;
				CLANG_WARN_BOOL_CONVERSION = YES;
				CLANG_WARN_COMMA = YES;
				CLANG_WARN_CONSTANT_CONVERSION = YES;
				CLANG_WARN_DEPRECATED_OBJC_IMPLEMENTATIONS = YES;
				CLANG_WARN_DIRECT_OBJC_ISA_USAGE = YES_ERROR;
				CLANG_WARN_DOCUMENTATION_COMMENTS = YES;
				CLANG_WARN_EMPTY_BODY = YES;
				CLANG_WARN_ENUM_CONVERSION = YES;
				CLANG_WARN_INFINITE_RECURSION = YES;
				CLANG_WARN_INT_CONVERSION = YES;
				CLANG_WARN_NON_LITERAL_NULL_CONVERSION = YES;
				CLANG_WARN_OBJC_IMPLICIT_RETAIN_SELF = YES;
				CLANG_WARN_OBJC_LITERAL_CONVERSION = YES;
				CLANG_WARN_OBJC_ROOT_CLASS = YES_ERROR;
				CLANG_WARN_RANGE_LOOP_ANALYSIS = YES;
				CLANG_WARN_STRICT_PROTOTYPES = YES;
				CLANG_WARN_SUSPICIOUS_MOVE = YES;
				CLANG_WARN_UNGUARDED_AVAILABILITY = YES_AGGRESSIVE;
				CLANG_WARN_UNREACHABLE_CODE = YES;
				CLANG_WARN__DUPLICATE_METHOD_MATCH = YES;
				COPY_PHASE_STRIP = NO;
				DEBUG_INFORMATION_FORMAT = dwarf;
				ENABLE_STRICT_OBJC_MSGSEND = YES;
				ENABLE_TESTABILITY = YES;
				GCC_C_LANGUAGE_STANDARD = gnu11;
				GCC_DYNAMIC_NO_PIC = NO;
				GCC_NO_COMMON_BLOCKS = YES;
				GCC_OPTIMIZATION_LEVEL = 0;
				GCC_PREPROCESSOR_DEFINITIONS = (
					"DEBUG=1",
					"$(inherited)",
				);
				GCC_WARN_64_TO_32_BIT_CONVERSION = YES;
				GCC_WARN_ABOUT_RETURN_TYPE = YES_ERROR;
				GCC_WARN_UNDECLARED_SELECTOR = YES;
				GCC_WARN_UNINITIALIZED_AUTOS = YES_AGGRESSIVE;
				GCC_WARN_UNUSED_FUNCTION = YES;
				GCC_WARN_UNUSED_VARIABLE = YES;
				IPHONEOS_DEPLOYMENT_TARGET = 13.2;
				MTL_ENABLE_DEBUG_INFO = INCLUDE_SOURCE;
				MTL_FAST_MATH = YES;
				ONLY_ACTIVE_ARCH = YES;
				SDKROOT = iphoneos;
				SWIFT_ACTIVE_COMPILATION_CONDITIONS = DEBUG;
				SWIFT_OPTIMIZATION_LEVEL = "-Onone";
			};
			name = Debug;
		};
		E3EE828723E7A71F00B057C0 /* Release */ = {
			isa = XCBuildConfiguration;
			buildSettings = {
				ALWAYS_SEARCH_USER_PATHS = NO;
				CLANG_ANALYZER_NONNULL = YES;
				CLANG_ANALYZER_NUMBER_OBJECT_CONVERSION = YES_AGGRESSIVE;
				CLANG_CXX_LANGUAGE_STANDARD = "gnu++14";
				CLANG_CXX_LIBRARY = "libc++";
				CLANG_ENABLE_MODULES = YES;
				CLANG_ENABLE_OBJC_ARC = YES;
				CLANG_ENABLE_OBJC_WEAK = YES;
				CLANG_WARN_BLOCK_CAPTURE_AUTORELEASING = YES;
				CLANG_WARN_BOOL_CONVERSION = YES;
				CLANG_WARN_COMMA = YES;
				CLANG_WARN_CONSTANT_CONVERSION = YES;
				CLANG_WARN_DEPRECATED_OBJC_IMPLEMENTATIONS = YES;
				CLANG_WARN_DIRECT_OBJC_ISA_USAGE = YES_ERROR;
				CLANG_WARN_DOCUMENTATION_COMMENTS = YES;
				CLANG_WARN_EMPTY_BODY = YES;
				CLANG_WARN_ENUM_CONVERSION = YES;
				CLANG_WARN_INFINITE_RECURSION = YES;
				CLANG_WARN_INT_CONVERSION = YES;
				CLANG_WARN_NON_LITERAL_NULL_CONVERSION = YES;
				CLANG_WARN_OBJC_IMPLICIT_RETAIN_SELF = YES;
				CLANG_WARN_OBJC_LITERAL_CONVERSION = YES;
				CLANG_WARN_OBJC_ROOT_CLASS = YES_ERROR;
				CLANG_WARN_RANGE_LOOP_ANALYSIS = YES;
				CLANG_WARN_STRICT_PROTOTYPES = YES;
				CLANG_WARN_SUSPICIOUS_MOVE = YES;
				CLANG_WARN_UNGUARDED_AVAILABILITY = YES_AGGRESSIVE;
				CLANG_WARN_UNREACHABLE_CODE = YES;
				CLANG_WARN__DUPLICATE_METHOD_MATCH = YES;
				COPY_PHASE_STRIP = NO;
				DEBUG_INFORMATION_FORMAT = "dwarf-with-dsym";
				ENABLE_NS_ASSERTIONS = NO;
				ENABLE_STRICT_OBJC_MSGSEND = YES;
				GCC_C_LANGUAGE_STANDARD = gnu11;
				GCC_NO_COMMON_BLOCKS = YES;
				GCC_WARN_64_TO_32_BIT_CONVERSION = YES;
				GCC_WARN_ABOUT_RETURN_TYPE = YES_ERROR;
				GCC_WARN_UNDECLARED_SELECTOR = YES;
				GCC_WARN_UNINITIALIZED_AUTOS = YES_AGGRESSIVE;
				GCC_WARN_UNUSED_FUNCTION = YES;
				GCC_WARN_UNUSED_VARIABLE = YES;
				IPHONEOS_DEPLOYMENT_TARGET = 13.2;
				MTL_ENABLE_DEBUG_INFO = NO;
				MTL_FAST_MATH = YES;
				SDKROOT = iphoneos;
				SWIFT_COMPILATION_MODE = wholemodule;
				SWIFT_OPTIMIZATION_LEVEL = "-O";
				VALIDATE_PRODUCT = YES;
			};
			name = Release;
		};
		E3EE828923E7A71F00B057C0 /* Debug */ = {
			isa = XCBuildConfiguration;
			buildSettings = {
				ASSETCATALOG_COMPILER_APPICON_NAME = AppIcon;
				CODE_SIGN_STYLE = Automatic;
				CURRENT_PROJECT_VERSION = 1479;
				DEVELOPMENT_ASSET_PATHS = "\"InDebtly/Preview Content\"";
				DEVELOPMENT_TEAM = G3S2RG9ZZK;
				ENABLE_PREVIEWS = YES;
				INFOPLIST_FILE = InDebtly/Info.plist;
				LD_RUNPATH_SEARCH_PATHS = (
					"$(inherited)",
					"@executable_path/Frameworks",
				);
				MARKETING_VERSION = 2020.0.2;
				PRODUCT_BUNDLE_IDENTIFIER = com.roguespork.InDebtly;
				PRODUCT_NAME = "$(TARGET_NAME)";
				SWIFT_VERSION = 5.0;
				TARGETED_DEVICE_FAMILY = 1;
			};
			name = Debug;
		};
		E3EE828A23E7A71F00B057C0 /* Release */ = {
			isa = XCBuildConfiguration;
			buildSettings = {
				ASSETCATALOG_COMPILER_APPICON_NAME = AppIcon;
				CODE_SIGN_STYLE = Automatic;
				CURRENT_PROJECT_VERSION = 1479;
				DEVELOPMENT_ASSET_PATHS = "\"InDebtly/Preview Content\"";
				DEVELOPMENT_TEAM = G3S2RG9ZZK;
				ENABLE_PREVIEWS = YES;
				INFOPLIST_FILE = InDebtly/Info.plist;
				LD_RUNPATH_SEARCH_PATHS = (
					"$(inherited)",
					"@executable_path/Frameworks",
				);
				MARKETING_VERSION = 2020.0.2;
				PRODUCT_BUNDLE_IDENTIFIER = com.roguespork.InDebtly;
				PRODUCT_NAME = "$(TARGET_NAME)";
				SWIFT_VERSION = 5.0;
				TARGETED_DEVICE_FAMILY = 1;
			};
			name = Release;
		};
/* End XCBuildConfiguration section */

/* Begin XCConfigurationList section */
		E3EE826C23E7A71D00B057C0 /* Build configuration list for PBXProject "InDebtly" */ = {
			isa = XCConfigurationList;
			buildConfigurations = (
				E3EE828623E7A71F00B057C0 /* Debug */,
				E3EE828723E7A71F00B057C0 /* Release */,
			);
			defaultConfigurationIsVisible = 0;
			defaultConfigurationName = Release;
		};
		E3EE828823E7A71F00B057C0 /* Build configuration list for PBXNativeTarget "InDebtly" */ = {
			isa = XCConfigurationList;
			buildConfigurations = (
				E3EE828923E7A71F00B057C0 /* Debug */,
				E3EE828A23E7A71F00B057C0 /* Release */,
			);
			defaultConfigurationIsVisible = 0;
			defaultConfigurationName = Release;
		};
/* End XCConfigurationList section */

/* Begin XCVersionGroup section */
		E3EE827823E7A71D00B057C0 /* InDebtly.xcdatamodeld */ = {
			isa = XCVersionGroup;
			children = (
				E3EE827923E7A71D00B057C0 /* InDebtly.xcdatamodel */,
			);
			currentVersion = E3EE827923E7A71D00B057C0 /* InDebtly.xcdatamodel */;
			path = InDebtly.xcdatamodeld;
			sourceTree = "<group>";
			versionGroupType = wrapper.xcdatamodel;
		};
/* End XCVersionGroup section */
	};
	rootObject = E3EE826923E7A71D00B057C0 /* Project object */;
}
